
Microsoft Visual Studio Solution File, Format Version 12.00
# Visual Studio Version 17
VisualStudioVersion = 17.9.34723.18
MinimumVisualStudioVersion = 10.0.40219.1
Project("{9A19103F-16F7-4668-BE54-9A1E7A4F7556}") = "CalculateWireguardAllowedIps", "CalculateWireguardAllowedIps.csproj", "{532DF6CC-52B2-4646-9B55-EE995940B3F2}"
EndProject
Global
	GlobalSection(SolutionConfigurationPlatforms) = preSolution
		Debug|Any CPU = Debug|Any CPU
		Release|Any CPU = Release|Any CPU
	EndGlobalSection
	GlobalSection(ProjectConfigurationPlatforms) = postSolution
		{532DF6CC-52B2-4646-9B55-EE995940B3F2}.Debug|Any CPU.ActiveCfg = Debug|Any CPU
		{532DF6CC-52B2-4646-9B55-EE995940B3F2}.Debug|Any CPU.Build.0 = Debug|Any CPU
		{532DF6CC-52B2-4646-9B55-EE995940B3F2}.Release|Any CPU.ActiveCfg = Release|Any CPU
		{532DF6CC-52B2-4646-9B55-EE995940B3F2}.Release|Any CPU.Build.0 = Release|Any CPU
	EndGlobalSection
	GlobalSection(SolutionProperties) = preSolution
		HideSolutionNode = FALSE
	EndGlobalSection
	GlobalSection(ExtensibilityGlobals) = postSolution
		SolutionGuid = {0305863D-F992-41A9-ABA5-1AFA41F20F02}
	EndGlobalSection
EndGlobal
